
Microsoft Visual Studio Solution File, Format Version 12.00
# Visual Studio Version 17
VisualStudioVersion = 17.4.33403.182
MinimumVisualStudioVersion = 10.0.40219.1
Project("{9A19103F-16F7-4668-BE54-9A1E7A4F7556}") = "radio1", "radio1.csproj", "{51D33785-8D79-4D4A-B54A-8AFB71BA2BBF}"
EndProject
Project("{2150E333-8FDC-42A3-9474-1A3956D46DE8}") = "Solution Items", "Solution Items", "{7C45C282-4921-4CB5-8198-9A5D882592C2}"
	ProjectSection(SolutionItems) = preProject
		.editorconfig = .editorconfig
	EndProjectSection
EndProject
Global
	GlobalSection(SolutionConfigurationPlatforms) = preSolution
		Debug|Any CPU = Debug|Any CPU
		Release|Any CPU = Release|Any CPU
	EndGlobalSection
	GlobalSection(ProjectConfigurationPlatforms) = postSolution
		{51D33785-8D79-4D4A-B54A-8AFB71BA2BBF}.Debug|Any CPU.ActiveCfg = Debug|Any CPU
		{51D33785-8D79-4D4A-B54A-8AFB71BA2BBF}.Debug|Any CPU.Build.0 = Debug|Any CPU
		{51D33785-8D79-4D4A-B54A-8AFB71BA2BBF}.Release|Any CPU.ActiveCfg = Release|Any CPU
		{51D33785-8D79-4D4A-B54A-8AFB71BA2BBF}.Release|Any CPU.Build.0 = Release|Any CPU
	EndGlobalSection
	GlobalSection(SolutionProperties) = preSolution
		HideSolutionNode = FALSE
	EndGlobalSection
	GlobalSection(ExtensibilityGlobals) = postSolution
		SolutionGuid = {DA834BED-2EEE-4146-A8B5-C9C85F815B5E}
	EndGlobalSection
EndGlobal
